
Microsoft Visual Studio Solution File, Format Version 12.00
# Visual Studio Version 17
VisualStudioVersion = 17.8.34316.72
MinimumVisualStudioVersion = 10.0.40219.1
Project("{2150E333-8FDC-42A3-9474-1A3956D46DE8}") = "src", "src", "{D479FE94-CC52-4E94-BEFD-C4DCB5755B31}"
EndProject
Project("{FAE04EC0-301F-11D3-BF4B-00C04F79EFBC}") = "Main", "Main\Main.csproj", "{FB65CA01-B279-4F21-96D5-D284B186F983}"
EndProject
Global
	GlobalSection(SolutionConfigurationPlatforms) = preSolution
		Debug|Any CPU = Debug|Any CPU
		Release|Any CPU = Release|Any CPU
	EndGlobalSection
	GlobalSection(ProjectConfigurationPlatforms) = postSolution
		{FB65CA01-B279-4F21-96D5-D284B186F983}.Debug|Any CPU.ActiveCfg = Debug|Any CPU
		{FB65CA01-B279-4F21-96D5-D284B186F983}.Debug|Any CPU.Build.0 = Debug|Any CPU
		{FB65CA01-B279-4F21-96D5-D284B186F983}.Release|Any CPU.ActiveCfg = Release|Any CPU
		{FB65CA01-B279-4F21-96D5-D284B186F983}.Release|Any CPU.Build.0 = Release|Any CPU
	EndGlobalSection
	GlobalSection(SolutionProperties) = preSolution
		HideSolutionNode = FALSE
	EndGlobalSection
	GlobalSection(NestedProjects) = preSolution
		{FB65CA01-B279-4F21-96D5-D284B186F983} = {D479FE94-CC52-4E94-BEFD-C4DCB5755B31}
	EndGlobalSection
	GlobalSection(ExtensibilityGlobals) = postSolution
		SolutionGuid = {CB7B6231-42DF-4B2A-AC94-B98746F30A8C}
	EndGlobalSection
EndGlobal
